
Microsoft Visual Studio Solution File, Format Version 12.00
# Visual Studio Version 17
VisualStudioVersion = 17.4.33213.308
MinimumVisualStudioVersion = 10.0.40219.1
Project("{FAE04EC0-301F-11D3-BF4B-00C04F79EFBC}") = "CRUD", "CRUD\CRUD.csproj", "{F815AC66-ED82-467D-85C0-E65F14FC5BDC}"
EndProject
Global
	GlobalSection(SolutionConfigurationPlatforms) = preSolution
		Debug|Any CPU = Debug|Any CPU
		Release|Any CPU = Release|Any CPU
	EndGlobalSection
	GlobalSection(ProjectConfigurationPlatforms) = postSolution
		{F815AC66-ED82-467D-85C0-E65F14FC5BDC}.Debug|Any CPU.ActiveCfg = Debug|Any CPU
		{F815AC66-ED82-467D-85C0-E65F14FC5BDC}.Debug|Any CPU.Build.0 = Debug|Any CPU
		{F815AC66-ED82-467D-85C0-E65F14FC5BDC}.Release|Any CPU.ActiveCfg = Release|Any CPU
		{F815AC66-ED82-467D-85C0-E65F14FC5BDC}.Release|Any CPU.Build.0 = Release|Any CPU
	EndGlobalSection
	GlobalSection(SolutionProperties) = preSolution
		HideSolutionNode = FALSE
	EndGlobalSection
	GlobalSection(ExtensibilityGlobals) = postSolution
		SolutionGuid = {5EEDEC43-B78F-4B60-981B-F3C3927FD73F}
	EndGlobalSection
EndGlobal
